
Microsoft Visual Studio Solution File, Format Version 12.00
# Visual Studio Version 16
VisualStudioVersion = 16.0.30517.126
MinimumVisualStudioVersion = 10.0.40219.1
Project("{FAE04EC0-301F-11D3-BF4B-00C04F79EFBC}") = "LABA777", "LABA777\LABA777.csproj", "{F0129EBF-C171-45A1-BD00-8A5B506F52B9}"
EndProject
Global
	GlobalSection(SolutionConfigurationPlatforms) = preSolution
		Debug|Any CPU = Debug|Any CPU
		Release|Any CPU = Release|Any CPU
	EndGlobalSection
	GlobalSection(ProjectConfigurationPlatforms) = postSolution
		{F0129EBF-C171-45A1-BD00-8A5B506F52B9}.Debug|Any CPU.ActiveCfg = Debug|Any CPU
		{F0129EBF-C171-45A1-BD00-8A5B506F52B9}.Debug|Any CPU.Build.0 = Debug|Any CPU
		{F0129EBF-C171-45A1-BD00-8A5B506F52B9}.Release|Any CPU.ActiveCfg = Release|Any CPU
		{F0129EBF-C171-45A1-BD00-8A5B506F52B9}.Release|Any CPU.Build.0 = Release|Any CPU
	EndGlobalSection
	GlobalSection(SolutionProperties) = preSolution
		HideSolutionNode = FALSE
	EndGlobalSection
	GlobalSection(ExtensibilityGlobals) = postSolution
		SolutionGuid = {EBCFB3F8-E7A7-4EC6-8582-6B9AF33B861C}
	EndGlobalSection
EndGlobal
